{
  "name": "persona_client",
  "version": "2.0.0",
  "dependencies": {
    "async": {
      "version": "0.2.10",
      "from": "async@~0.2.9"
    },
    "crypto-js": {
      "version": "3.1.2-2",
      "from": "crypto-js@3.1.2-2",
      "resolved": "https://registry.npmjs.org/crypto-js/-/crypto-js-3.1.2-2.tgz"
    },
    "lodash": {
      "version": "3.10.1",
      "from": "lodash@3.10.1",
      "resolved": "https://registry.npmjs.org/lodash/-/lodash-3.10.1.tgz"
    },
    "redis": {
      "version": "0.9.2",
      "from": "redis@~0.9.1"
    },
    "jsonwebtoken": {
      "version": "5.7.0",
      "from": "jsonwebtoken@~5.7.0",
      "dependencies": {
        "jws": {
          "version": "3.1.3",
          "from": "jws@^3.0.0",
          "dependencies": {
            "base64url": {
              "version": "1.0.6",
              "from": "base64url@~1.0.4",
              "dependencies": {
                "concat-stream": {
                  "version": "1.4.10",
                  "from": "concat-stream@~1.4.7",
                  "dependencies": {
                    "inherits": {
                      "version": "2.0.1",
                      "from": "inherits@~2.0.1",
                      "resolved": "https://registry.npmjs.org/inherits/-/inherits-2.0.1.tgz"
                    },
                    "typedarray": {
                      "version": "0.0.6",
                      "from": "typedarray@~0.0.5"
                    },
                    "readable-stream": {
                      "version": "1.1.13",
                      "from": "readable-stream@~1.1.9",
                      "dependencies": {
                        "core-util-is": {
                          "version": "1.0.2",
                          "from": "core-util-is@~1.0.0"
                        },
                        "isarray": {
                          "version": "0.0.1",
                          "from": "isarray@0.0.1",
                          "resolved": "https://registry.npmjs.org/isarray/-/isarray-0.0.1.tgz"
                        },
                        "string_decoder": {
                          "version": "0.10.31",
                          "from": "string_decoder@~0.10.x"
                        }
                      }
                    }
                  }
                },
                "meow": {
                  "version": "2.0.0",
                  "from": "meow@~2.0.0",
                  "dependencies": {
                    "camelcase-keys": {
                      "version": "2.0.0",
                      "from": "camelcase-keys@^1.0.0",
                      "dependencies": {
                        "camelcase": {
                          "version": "2.1.0",
                          "from": "camelcase@^2.0.0"
                        },
                        "map-obj": {
                          "version": "1.0.1",
                          "from": "map-obj@^1.0.0"
                        }
                      }
                    },
                    "indent-string": {
                      "version": "2.1.0",
                      "from": "indent-string@^1.1.0",
                      "dependencies": {
                        "repeating": {
                          "version": "2.0.0",
                          "from": "repeating@^2.0.0",
                          "dependencies": {
                            "is-finite": {
                              "version": "1.0.1",
                              "from": "is-finite@^1.0.0",
                              "dependencies": {
                                "number-is-nan": {
                                  "version": "1.0.0",
                                  "from": "number-is-nan@^1.0.0"
                                }
                              }
                            }
                          }
                        }
                      }
                    },
                    "minimist": {
                      "version": "1.2.0",
                      "from": "minimist@^1.1.0"
                    },
                    "object-assign": {
                      "version": "4.0.1",
                      "from": "object-assign@^1.0.0"
                    }
                  }
                }
              }
            },
            "jwa": {
              "version": "1.1.3",
              "from": "jwa@^1.1.2",
              "resolved": "https://registry.npmjs.org/jwa/-/jwa-1.1.3.tgz",
              "dependencies": {
                "buffer-equal-constant-time": {
                  "version": "1.0.1",
                  "from": "buffer-equal-constant-time@^1.0.1"
                },
                "ecdsa-sig-formatter": {
                  "version": "1.0.5",
                  "from": "ecdsa-sig-formatter@^1.0.0",
                  "dependencies": {
                    "base64-url": {
                      "version": "1.2.1",
                      "from": "base64-url@^1.2.1",
                      "resolved": "https://registry.npmjs.org/base64-url/-/base64-url-1.2.1.tgz"
                    }
                  }
                }
              }
            }
          }
        },
        "ms": {
          "version": "0.7.1",
          "from": "ms@^0.7.1"
        },
        "xtend": {
          "version": "4.0.1",
          "from": "xtend@^4.0.1"
        }
      }
    },
    "should": {
      "version": "3.3.2",
      "from": "should@3.3.2",
      "resolved": "https://registry.npmjs.org/should/-/should-3.3.2.tgz"
    },
    "sinon": {
      "version": "1.9.1",
      "from": "sinon@1.9.1",
      "resolved": "https://registry.npmjs.org/sinon/-/sinon-1.9.1.tgz",
      "dependencies": {
        "formatio": {
          "version": "1.0.2",
          "from": "formatio@~1.0",
          "dependencies": {
            "samsam": {
              "version": "1.1.3",
              "from": "samsam@~1.1"
            }
          }
        },
        "util": {
          "version": "0.10.3",
          "from": "util@>=0.10.3 <1",
          "dependencies": {
            "inherits": {
              "version": "2.0.1",
              "from": "inherits@~2.0.1",
              "resolved": "https://registry.npmjs.org/inherits/-/inherits-2.0.1.tgz"
            }
          }
        }
      }
    },
    "mocha": {
      "version": "1.14.0",
      "from": "mocha@~1.14.0",
      "dependencies": {
        "commander": {
          "version": "2.0.0",
          "from": "commander@2.0.0",
          "resolved": "https://registry.npmjs.org/commander/-/commander-2.0.0.tgz"
        },
        "growl": {
          "version": "1.7.0",
          "from": "growl@1.7.x"
        },
        "jade": {
          "version": "0.26.3",
          "from": "jade@0.26.3",
          "resolved": "https://registry.npmjs.org/jade/-/jade-0.26.3.tgz",
          "dependencies": {
            "commander": {
              "version": "0.6.1",
              "from": "commander@0.6.1",
              "resolved": "https://registry.npmjs.org/commander/-/commander-0.6.1.tgz"
            },
            "mkdirp": {
              "version": "0.3.0",
              "from": "mkdirp@0.3.0",
              "resolved": "https://registry.npmjs.org/mkdirp/-/mkdirp-0.3.0.tgz"
            }
          }
        },
        "diff": {
          "version": "1.0.7",
          "from": "diff@1.0.7",
          "resolved": "https://registry.npmjs.org/diff/-/diff-1.0.7.tgz"
        },
        "debug": {
          "version": "2.2.0",
          "from": "debug@^2.2.0",
          "dependencies": {
            "ms": {
              "version": "0.7.1",
              "from": "ms@0.7.1",
              "resolved": "https://registry.npmjs.org/ms/-/ms-0.7.1.tgz"
            }
          }
        },
        "mkdirp": {
          "version": "0.3.5",
          "from": "mkdirp@0.3.5",
          "resolved": "https://registry.npmjs.org/mkdirp/-/mkdirp-0.3.5.tgz"
        },
        "glob": {
          "version": "3.2.3",
          "from": "glob@3.2.3",
          "resolved": "https://registry.npmjs.org/glob/-/glob-3.2.3.tgz",
          "dependencies": {
            "minimatch": {
              "version": "0.2.14",
              "from": "minimatch@~0.2.11",
              "dependencies": {
                "lru-cache": {
                  "version": "2.7.3",
                  "from": "lru-cache@2",
                  "resolved": "https://registry.npmjs.org/lru-cache/-/lru-cache-2.7.3.tgz"
                },
                "sigmund": {
                  "version": "1.0.1",
                  "from": "sigmund@~1.0.0"
                }
              }
            },
            "graceful-fs": {
              "version": "2.0.3",
              "from": "graceful-fs@~2.0.0"
            },
            "inherits": {
              "version": "2.0.1",
              "from": "inherits@~2.0.1",
              "resolved": "https://registry.npmjs.org/inherits/-/inherits-2.0.1.tgz"
            }
          }
        }
      }
    },
    "nock": {
      "version": "7.2.2",
      "from": "nock@~7.2.2",
      "dependencies": {
        "chai": {
          "version": "3.5.0",
          "from": "chai@>=1.9.2 <4.0.0",
          "dependencies": {
            "assertion-error": {
              "version": "1.0.1",
              "from": "assertion-error@^1.0.1"
            },
            "deep-eql": {
              "version": "0.1.3",
              "from": "deep-eql@^0.1.3",
              "resolved": "https://registry.npmjs.org/deep-eql/-/deep-eql-0.1.3.tgz",
              "dependencies": {
                "type-detect": {
                  "version": "0.1.1",
                  "from": "type-detect@0.1.1",
                  "resolved": "https://registry.npmjs.org/type-detect/-/type-detect-0.1.1.tgz"
                }
              }
            },
            "type-detect": {
              "version": "1.0.0",
              "from": "type-detect@^1.0.0"
            }
          }
        },
        "debug": {
          "version": "2.2.0",
          "from": "debug@^2.2.0",
          "dependencies": {
            "ms": {
              "version": "0.7.1",
              "from": "ms@0.7.1",
              "resolved": "https://registry.npmjs.org/ms/-/ms-0.7.1.tgz"
            }
          }
        },
        "deep-equal": {
          "version": "1.0.1",
          "from": "deep-equal@^1.0.0"
        },
        "json-stringify-safe": {
          "version": "5.0.1",
          "from": "json-stringify-safe@^5.0.1"
        },
        "mkdirp": {
          "version": "0.5.1",
          "from": "mkdirp@^0.5.0",
          "dependencies": {
            "minimist": {
              "version": "0.0.8",
              "from": "minimist@0.0.8",
              "resolved": "https://registry.npmjs.org/minimist/-/minimist-0.0.8.tgz"
            }
          }
        },
        "propagate": {
          "version": "0.3.1",
          "from": "propagate@0.3.x"
        },
        "qs": {
          "version": "6.1.0",
          "from": "qs@^6.0.2"
        }
      }
    },
    "grunt": {
      "version": "0.4.5",
      "from": "grunt@~0.4.0",
      "dependencies": {
        "async": {
          "version": "0.1.22",
          "from": "async@~0.1.22",
          "resolved": "https://registry.npmjs.org/async/-/async-0.1.22.tgz"
        },
        "coffee-script": {
          "version": "1.3.3",
          "from": "coffee-script@~1.3.3",
          "resolved": "https://registry.npmjs.org/coffee-script/-/coffee-script-1.3.3.tgz"
        },
        "colors": {
          "version": "0.6.2",
          "from": "colors@~0.6.2"
        },
        "dateformat": {
          "version": "1.0.2-1.2.3",
          "from": "dateformat@1.0.2-1.2.3",
          "resolved": "https://registry.npmjs.org/dateformat/-/dateformat-1.0.2-1.2.3.tgz"
        },
        "eventemitter2": {
          "version": "0.4.14",
          "from": "eventemitter2@~0.4.13"
        },
        "findup-sync": {
          "version": "0.1.3",
          "from": "findup-sync@~0.1.2",
          "resolved": "https://registry.npmjs.org/findup-sync/-/findup-sync-0.1.3.tgz",
          "dependencies": {
            "glob": {
              "version": "3.2.11",
              "from": "glob@~3.2.9",
              "resolved": "https://registry.npmjs.org/glob/-/glob-3.2.11.tgz",
              "dependencies": {
                "inherits": {
                  "version": "2.0.1",
                  "from": "inherits@2",
                  "resolved": "https://registry.npmjs.org/inherits/-/inherits-2.0.1.tgz"
                },
                "minimatch": {
                  "version": "0.3.0",
                  "from": "minimatch@0.3",
                  "dependencies": {
                    "lru-cache": {
                      "version": "2.7.3",
                      "from": "lru-cache@2",
                      "resolved": "https://registry.npmjs.org/lru-cache/-/lru-cache-2.7.3.tgz"
                    },
                    "sigmund": {
                      "version": "1.0.1",
                      "from": "sigmund@~1.0.0"
                    }
                  }
                }
              }
            },
            "lodash": {
              "version": "2.4.2",
              "from": "lodash@~2.4.1"
            }
          }
        },
        "glob": {
          "version": "3.1.21",
          "from": "glob@~3.1.21",
          "resolved": "https://registry.npmjs.org/glob/-/glob-3.1.21.tgz",
          "dependencies": {
            "graceful-fs": {
              "version": "1.2.3",
              "from": "graceful-fs@~1.2.0",
              "resolved": "https://registry.npmjs.org/graceful-fs/-/graceful-fs-1.2.3.tgz"
            },
            "inherits": {
              "version": "1.0.2",
              "from": "inherits@1",
              "resolved": "https://registry.npmjs.org/inherits/-/inherits-1.0.2.tgz"
            }
          }
        },
        "hooker": {
          "version": "0.2.3",
          "from": "hooker@~0.2.3",
          "resolved": "https://registry.npmjs.org/hooker/-/hooker-0.2.3.tgz"
        },
        "iconv-lite": {
          "version": "0.2.11",
          "from": "iconv-lite@~0.2.11",
          "resolved": "https://registry.npmjs.org/iconv-lite/-/iconv-lite-0.2.11.tgz"
        },
        "minimatch": {
          "version": "0.2.14",
          "from": "minimatch@~0.2.12",
          "resolved": "https://registry.npmjs.org/minimatch/-/minimatch-0.2.14.tgz",
          "dependencies": {
            "lru-cache": {
              "version": "2.7.3",
              "from": "lru-cache@2",
              "resolved": "https://registry.npmjs.org/lru-cache/-/lru-cache-2.7.3.tgz"
            },
            "sigmund": {
              "version": "1.0.1",
              "from": "sigmund@~1.0.0"
            }
          }
        },
        "nopt": {
          "version": "1.0.10",
          "from": "nopt@~1.0.10",
          "resolved": "https://registry.npmjs.org/nopt/-/nopt-1.0.10.tgz",
          "dependencies": {
            "abbrev": {
              "version": "1.0.7",
              "from": "abbrev@1"
            }
          }
        },
        "rimraf": {
          "version": "2.2.8",
          "from": "rimraf@~2.2.8",
          "resolved": "https://registry.npmjs.org/rimraf/-/rimraf-2.2.8.tgz"
        },
        "lodash": {
          "version": "0.9.2",
          "from": "lodash@~0.9.2",
          "resolved": "https://registry.npmjs.org/lodash/-/lodash-0.9.2.tgz"
        },
        "underscore.string": {
          "version": "2.2.1",
          "from": "underscore.string@~2.2.1",
          "resolved": "https://registry.npmjs.org/underscore.string/-/underscore.string-2.2.1.tgz"
        },
        "which": {
          "version": "1.0.9",
          "from": "which@~1.0.5",
          "resolved": "https://registry.npmjs.org/which/-/which-1.0.9.tgz"
        },
        "js-yaml": {
          "version": "2.0.5",
          "from": "js-yaml@~2.0.5",
          "resolved": "https://registry.npmjs.org/js-yaml/-/js-yaml-2.0.5.tgz",
          "dependencies": {
            "argparse": {
              "version": "0.1.16",
              "from": "argparse@~ 0.1.11",
              "resolved": "https://registry.npmjs.org/argparse/-/argparse-0.1.16.tgz",
              "dependencies": {
                "underscore": {
                  "version": "1.7.0",
                  "from": "underscore@~1.7.0",
                  "resolved": "https://registry.npmjs.org/underscore/-/underscore-1.7.0.tgz"
                },
                "underscore.string": {
                  "version": "2.4.0",
                  "from": "underscore.string@~2.4.0"
                }
              }
            },
            "esprima": {
              "version": "1.0.4",
              "from": "esprima@~ 1.0.2"
            }
          }
        },
        "exit": {
          "version": "0.1.2",
          "from": "exit@~0.1.1",
          "resolved": "https://registry.npmjs.org/exit/-/exit-0.1.2.tgz"
        },
        "getobject": {
          "version": "0.1.0",
          "from": "getobject@~0.1.0",
          "resolved": "https://registry.npmjs.org/getobject/-/getobject-0.1.0.tgz"
        },
        "grunt-legacy-util": {
          "version": "0.2.0",
          "from": "grunt-legacy-util@~0.2.0",
          "resolved": "https://registry.npmjs.org/grunt-legacy-util/-/grunt-legacy-util-0.2.0.tgz"
        },
        "grunt-legacy-log": {
          "version": "0.1.3",
          "from": "grunt-legacy-log@~0.1.0",
          "dependencies": {
            "grunt-legacy-log-utils": {
              "version": "0.1.1",
              "from": "grunt-legacy-log-utils@~0.1.1",
              "resolved": "https://registry.npmjs.org/grunt-legacy-log-utils/-/grunt-legacy-log-utils-0.1.1.tgz"
            },
            "lodash": {
              "version": "2.4.2",
              "from": "lodash@~2.4.1",
              "resolved": "https://registry.npmjs.org/lodash/-/lodash-2.4.2.tgz"
            },
            "underscore.string": {
              "version": "2.3.3",
              "from": "underscore.string@~2.3.3"
            }
          }
        }
      }
    },
    "grunt-contrib-watch": {
      "version": "0.5.3",
      "from": "grunt-contrib-watch@~0.5.0",
      "dependencies": {
        "gaze": {
          "version": "0.4.3",
          "from": "gaze@~0.4.0",
          "dependencies": {
            "globule": {
              "version": "0.1.0",
              "from": "globule@~0.1.0",
              "dependencies": {
                "lodash": {
                  "version": "1.0.2",
                  "from": "lodash@~1.0.1",
                  "resolved": "https://registry.npmjs.org/lodash/-/lodash-1.0.2.tgz"
                },
                "glob": {
                  "version": "3.1.21",
                  "from": "glob@~3.1.21",
                  "resolved": "https://registry.npmjs.org/glob/-/glob-3.1.21.tgz",
                  "dependencies": {
                    "graceful-fs": {
                      "version": "1.2.3",
                      "from": "graceful-fs@~1.2.0",
                      "resolved": "https://registry.npmjs.org/graceful-fs/-/graceful-fs-1.2.3.tgz"
                    },
                    "inherits": {
                      "version": "1.0.2",
                      "from": "inherits@1",
                      "resolved": "https://registry.npmjs.org/inherits/-/inherits-1.0.2.tgz"
                    }
                  }
                },
                "minimatch": {
                  "version": "0.2.14",
                  "from": "minimatch@~0.2.11",
                  "dependencies": {
                    "lru-cache": {
                      "version": "2.7.3",
                      "from": "lru-cache@2",
                      "resolved": "https://registry.npmjs.org/lru-cache/-/lru-cache-2.7.3.tgz"
                    },
                    "sigmund": {
                      "version": "1.0.1",
                      "from": "sigmund@~1.0.0"
                    }
                  }
                }
              }
            }
          }
        },
        "tiny-lr": {
          "version": "0.0.4",
          "from": "tiny-lr@0.0.4",
          "resolved": "https://registry.npmjs.org/tiny-lr/-/tiny-lr-0.0.4.tgz",
          "dependencies": {
            "qs": {
              "version": "0.5.6",
              "from": "qs@~0.5.2"
            },
            "faye-websocket": {
              "version": "0.4.4",
              "from": "faye-websocket@~0.4.3"
            },
            "noptify": {
              "version": "0.0.3",
              "from": "noptify@latest",
              "dependencies": {
                "nopt": {
                  "version": "2.0.0",
                  "from": "nopt@~2.0.0",
                  "dependencies": {
                    "abbrev": {
                      "version": "1.0.7",
                      "from": "abbrev@1"
                    }
                  }
                }
              }
            },
            "debug": {
              "version": "0.7.4",
              "from": "debug@~0.7.0"
            }
          }
        }
      }
    },
    "grunt-mocha-test": {
      "version": "0.7.0",
      "from": "grunt-mocha-test@~0.7.0",
      "dependencies": {
        "mocha": {
          "version": "1.13.0",
          "from": "mocha@~1.13.0",
          "dependencies": {
            "commander": {
              "version": "0.6.1",
              "from": "commander@0.6.1",
              "resolved": "https://registry.npmjs.org/commander/-/commander-0.6.1.tgz"
            },
            "growl": {
              "version": "1.7.0",
              "from": "growl@1.7.x"
            },
            "jade": {
              "version": "0.26.3",
              "from": "jade@0.26.3",
              "resolved": "https://registry.npmjs.org/jade/-/jade-0.26.3.tgz",
              "dependencies": {
                "mkdirp": {
                  "version": "0.3.0",
                  "from": "mkdirp@0.3.0",
                  "resolved": "https://registry.npmjs.org/mkdirp/-/mkdirp-0.3.0.tgz"
                }
              }
            },
            "diff": {
              "version": "1.0.7",
              "from": "diff@1.0.7",
              "resolved": "https://registry.npmjs.org/diff/-/diff-1.0.7.tgz"
            },
            "debug": {
              "version": "2.2.0",
              "from": "debug@^2.2.0",
              "dependencies": {
                "ms": {
                  "version": "0.7.1",
                  "from": "ms@0.7.1",
                  "resolved": "https://registry.npmjs.org/ms/-/ms-0.7.1.tgz"
                }
              }
            },
            "mkdirp": {
              "version": "0.3.5",
              "from": "mkdirp@0.3.5",
              "resolved": "https://registry.npmjs.org/mkdirp/-/mkdirp-0.3.5.tgz"
            },
            "glob": {
              "version": "3.2.3",
              "from": "glob@3.2.3",
              "resolved": "https://registry.npmjs.org/glob/-/glob-3.2.3.tgz",
              "dependencies": {
                "minimatch": {
                  "version": "0.2.14",
                  "from": "minimatch@~0.2.11",
                  "dependencies": {
                    "lru-cache": {
                      "version": "2.7.3",
                      "from": "lru-cache@2",
                      "resolved": "https://registry.npmjs.org/lru-cache/-/lru-cache-2.7.3.tgz"
                    },
                    "sigmund": {
                      "version": "1.0.1",
                      "from": "sigmund@~1.0.0"
                    }
                  }
                },
                "graceful-fs": {
                  "version": "2.0.3",
                  "from": "graceful-fs@~2.0.0"
                },
                "inherits": {
                  "version": "2.0.1",
                  "from": "inherits@~2.0.1",
                  "resolved": "https://registry.npmjs.org/inherits/-/inherits-2.0.1.tgz"
                }
              }
            }
          }
        }
      }
    },
    "grunt-jsbeautifier": {
      "version": "0.2.10",
      "from": "grunt-jsbeautifier@~0.2.6",
      "dependencies": {
        "grunt": {
          "version": "0.4.5",
          "from": "grunt@>=0.4.1",
          "dependencies": {
            "async": {
              "version": "0.1.22",
              "from": "async@~0.1.22"
            },
            "coffee-script": {
              "version": "1.3.3",
              "from": "coffee-script@~1.3.3"
            },
            "colors": {
              "version": "0.6.2",
              "from": "colors@~0.6.2"
            },
            "dateformat": {
              "version": "1.0.2-1.2.3",
              "from": "dateformat@1.0.2-1.2.3",
              "resolved": "https://registry.npmjs.org/dateformat/-/dateformat-1.0.2-1.2.3.tgz"
            },
            "eventemitter2": {
              "version": "0.4.14",
              "from": "eventemitter2@~0.4.13"
            },
            "findup-sync": {
              "version": "0.1.3",
              "from": "findup-sync@~0.1.2",
              "dependencies": {
                "glob": {
                  "version": "3.2.11",
                  "from": "glob@~3.2.9",
                  "resolved": "https://registry.npmjs.org/glob/-/glob-3.2.11.tgz",
                  "dependencies": {
                    "inherits": {
                      "version": "2.0.1",
                      "from": "inherits@~2.0.1",
                      "resolved": "https://registry.npmjs.org/inherits/-/inherits-2.0.1.tgz"
                    },
                    "minimatch": {
                      "version": "0.3.0",
                      "from": "minimatch@0.3",
                      "dependencies": {
                        "lru-cache": {
                          "version": "2.7.3",
                          "from": "lru-cache@2",
                          "resolved": "https://registry.npmjs.org/lru-cache/-/lru-cache-2.7.3.tgz"
                        },
                        "sigmund": {
                          "version": "1.0.1",
                          "from": "sigmund@~1.0.0"
                        }
                      }
                    }
                  }
                },
                "lodash": {
                  "version": "2.4.2",
                  "from": "lodash@~2.4.1"
                }
              }
            },
            "glob": {
              "version": "3.1.21",
              "from": "glob@~3.1.21",
              "dependencies": {
                "graceful-fs": {
                  "version": "1.2.3",
                  "from": "graceful-fs@~1.2.0"
                },
                "inherits": {
                  "version": "1.0.2",
                  "from": "inherits@1",
                  "resolved": "https://registry.npmjs.org/inherits/-/inherits-1.0.2.tgz"
                }
              }
            },
            "hooker": {
              "version": "0.2.3",
              "from": "hooker@~0.2.3",
              "resolved": "https://registry.npmjs.org/hooker/-/hooker-0.2.3.tgz"
            },
            "iconv-lite": {
              "version": "0.2.11",
              "from": "iconv-lite@~0.2.11"
            },
            "minimatch": {
              "version": "0.2.14",
              "from": "minimatch@~0.2.12",
              "dependencies": {
                "lru-cache": {
                  "version": "2.7.3",
                  "from": "lru-cache@2",
                  "resolved": "https://registry.npmjs.org/lru-cache/-/lru-cache-2.7.3.tgz"
                },
                "sigmund": {
                  "version": "1.0.1",
                  "from": "sigmund@~1.0.0"
                }
              }
            },
            "nopt": {
              "version": "1.0.10",
              "from": "nopt@~1.0.10",
              "dependencies": {
                "abbrev": {
                  "version": "1.0.7",
                  "from": "abbrev@1"
                }
              }
            },
            "rimraf": {
              "version": "2.2.8",
              "from": "rimraf@~2.2.8",
              "resolved": "https://registry.npmjs.org/rimraf/-/rimraf-2.2.8.tgz"
            },
            "lodash": {
              "version": "0.9.2",
              "from": "lodash@~0.9.2"
            },
            "underscore.string": {
              "version": "2.2.1",
              "from": "underscore.string@~2.2.1"
            },
            "which": {
              "version": "1.0.9",
              "from": "which@~1.0.5"
            },
            "js-yaml": {
              "version": "2.0.5",
              "from": "js-yaml@~2.0.5",
              "dependencies": {
                "argparse": {
                  "version": "0.1.16",
                  "from": "argparse@~ 0.1.11",
                  "dependencies": {
                    "underscore": {
                      "version": "1.7.0",
                      "from": "underscore@~1.7.0",
                      "resolved": "https://registry.npmjs.org/underscore/-/underscore-1.7.0.tgz"
                    },
                    "underscore.string": {
                      "version": "2.4.0",
                      "from": "underscore.string@~2.4.0"
                    }
                  }
                },
                "esprima": {
                  "version": "1.0.4",
                  "from": "esprima@~ 1.0.2"
                }
              }
            },
            "exit": {
              "version": "0.1.2",
              "from": "exit@~0.1.1"
            },
            "getobject": {
              "version": "0.1.0",
              "from": "getobject@~0.1.0"
            },
            "grunt-legacy-util": {
              "version": "0.2.0",
              "from": "grunt-legacy-util@~0.2.0"
            },
            "grunt-legacy-log": {
              "version": "0.1.3",
              "from": "grunt-legacy-log@~0.1.0",
              "dependencies": {
                "grunt-legacy-log-utils": {
                  "version": "0.1.1",
                  "from": "grunt-legacy-log-utils@~0.1.1"
                },
                "lodash": {
                  "version": "2.4.2",
                  "from": "lodash@~2.4.1"
                },
                "underscore.string": {
                  "version": "2.3.3",
                  "from": "underscore.string@~2.3.3"
                }
              }
            }
          }
        },
        "js-beautify": {
          "version": "1.6.2",
          "from": "js-beautify@>=1.4.2",
          "dependencies": {
            "config-chain": {
              "version": "1.1.10",
              "from": "config-chain@~1.1.5",
              "dependencies": {
                "proto-list": {
                  "version": "1.2.4",
                  "from": "proto-list@~1.2.1"
                },
                "ini": {
                  "version": "1.3.4",
                  "from": "ini@^1.3.4",
                  "resolved": "https://registry.npmjs.org/ini/-/ini-1.3.4.tgz"
                }
              }
            },
            "mkdirp": {
              "version": "0.5.1",
              "from": "mkdirp@~0.5.0",
              "dependencies": {
                "minimist": {
                  "version": "0.0.8",
                  "from": "minimist@0.0.8",
                  "resolved": "https://registry.npmjs.org/minimist/-/minimist-0.0.8.tgz"
                }
              }
            },
            "nopt": {
              "version": "3.0.6",
              "from": "nopt@~3.0.1",
              "dependencies": {
                "abbrev": {
                  "version": "1.0.7",
                  "from": "abbrev@1"
                }
              }
            }
          }
        },
        "rc": {
          "version": "1.1.6",
          "from": "rc@>=0.5.5",
          "dependencies": {
            "deep-extend": {
              "version": "0.4.1",
              "from": "deep-extend@~0.4.0"
            },
            "ini": {
              "version": "1.3.4",
              "from": "ini@~1.3.0",
              "resolved": "https://registry.npmjs.org/ini/-/ini-1.3.4.tgz"
            },
            "minimist": {
              "version": "1.2.0",
              "from": "minimist@^1.2.0"
            },
            "strip-json-comments": {
              "version": "1.0.4",
              "from": "strip-json-comments@~1.0.4",
              "resolved": "https://registry.npmjs.org/strip-json-comments/-/strip-json-comments-1.0.4.tgz"
            }
          }
        },
        "semver": {
          "version": "5.1.0",
          "from": "semver@>=4.3.1"
        },
        "underscore.string": {
          "version": "3.2.3",
          "from": "underscore.string@>=2.3.3"
        }
      }
    },
    "grunt-contrib-jshint": {
      "version": "0.6.5",
      "from": "grunt-contrib-jshint@~0.6.0",
      "dependencies": {
        "jshint": {
          "version": "2.1.11",
          "from": "jshint@~2.1.10",
          "dependencies": {
            "shelljs": {
              "version": "0.1.4",
              "from": "shelljs@0.1.x"
            },
            "underscore": {
              "version": "1.4.4",
              "from": "underscore@1.4.x"
            },
            "cli": {
              "version": "0.4.5",
              "from": "cli@0.4.x",
              "dependencies": {
                "glob": {
                  "version": "7.0.0",
                  "from": "glob@>= 3.1.4",
                  "dependencies": {
                    "inflight": {
                      "version": "1.0.4",
                      "from": "inflight@^1.0.4",
                      "dependencies": {
                        "wrappy": {
                          "version": "1.0.1",
                          "from": "wrappy@1"
                        }
                      }
                    },
                    "inherits": {
                      "version": "2.0.1",
                      "from": "inherits@~2.0.1",
                      "resolved": "https://registry.npmjs.org/inherits/-/inherits-2.0.1.tgz"
                    },
                    "minimatch": {
                      "version": "3.0.0",
                      "from": "minimatch@2 || 3",
                      "dependencies": {
                        "brace-expansion": {
                          "version": "1.1.3",
                          "from": "brace-expansion@^1.0.0",
                          "dependencies": {
                            "balanced-match": {
                              "version": "0.3.0",
                              "from": "balanced-match@^0.3.0"
                            },
                            "concat-map": {
                              "version": "0.0.1",
                              "from": "concat-map@0.0.1",
                              "resolved": "https://registry.npmjs.org/concat-map/-/concat-map-0.0.1.tgz"
                            }
                          }
                        }
                      }
                    },
                    "once": {
                      "version": "1.3.3",
                      "from": "once@^1.3.0",
                      "dependencies": {
                        "wrappy": {
                          "version": "1.0.1",
                          "from": "wrappy@1"
                        }
                      }
                    },
                    "path-is-absolute": {
                      "version": "1.0.0",
                      "from": "path-is-absolute@^1.0.0",
                      "resolved": "https://registry.npmjs.org/path-is-absolute/-/path-is-absolute-1.0.0.tgz"
                    }
                  }
                }
              }
            },
            "minimatch": {
              "version": "0.4.0",
              "from": "minimatch@0.x.x",
              "resolved": "https://registry.npmjs.org/minimatch/-/minimatch-0.4.0.tgz",
              "dependencies": {
                "lru-cache": {
                  "version": "2.7.3",
                  "from": "lru-cache@2"
                },
                "sigmund": {
                  "version": "1.0.1",
                  "from": "sigmund@~1.0.0"
                }
              }
            },
            "console-browserify": {
              "version": "0.1.6",
              "from": "console-browserify@0.1.x"
            }
          }
        }
      }
    }
  }
}
